
Microsoft Visual Studio Solution File, Format Version 12.00
# Visual Studio 14
VisualStudioVersion = 14.0.24720.0
MinimumVisualStudioVersion = 10.0.40219.1
Project("{FAE04EC0-301F-11D3-BF4B-00C04F79EFBC}") = "Demo_UWP_SimpleConverter_01", "Demo_UWP_SimpleConverter\Demo_UWP_SimpleConverter_01.csproj", "{0001DA31-7089-4E6F-BD54-F02A9E5E5870}"
EndProject
Project("{FAE04EC0-301F-11D3-BF4B-00C04F79EFBC}") = "Demo_UWP_SimpleConverter_02", "Demo_UWP_SimpleConverter_02\Demo_UWP_SimpleConverter_02.csproj", "{DED5C14C-93FF-4103-8A41-FD033D6FBE93}"
EndProject
Global
	GlobalSection(SolutionConfigurationPlatforms) = preSolution
		Debug|Any CPU = Debug|Any CPU
		Debug|ARM = Debug|ARM
		Debug|x64 = Debug|x64
		Debug|x86 = Debug|x86
		Release|Any CPU = Release|Any CPU
		Release|ARM = Release|ARM
		Release|x64 = Release|x64
		Release|x86 = Release|x86
	EndGlobalSection
	GlobalSection(ProjectConfigurationPlatforms) = postSolution
		{0001DA31-7089-4E6F-BD54-F02A9E5E5870}.Debug|Any CPU.ActiveCfg = Debug|x86
		{0001DA31-7089-4E6F-BD54-F02A9E5E5870}.Debug|ARM.ActiveCfg = Debug|ARM
		{0001DA31-7089-4E6F-BD54-F02A9E5E5870}.Debug|ARM.Build.0 = Debug|ARM
		{0001DA31-7089-4E6F-BD54-F02A9E5E5870}.Debug|ARM.Deploy.0 = Debug|ARM
		{0001DA31-7089-4E6F-BD54-F02A9E5E5870}.Debug|x64.ActiveCfg = Debug|x64
		{0001DA31-7089-4E6F-BD54-F02A9E5E5870}.Debug|x64.Build.0 = Debug|x64
		{0001DA31-7089-4E6F-BD54-F02A9E5E5870}.Debug|x64.Deploy.0 = Debug|x64
		{0001DA31-7089-4E6F-BD54-F02A9E5E5870}.Debug|x86.ActiveCfg = Debug|x86
		{0001DA31-7089-4E6F-BD54-F02A9E5E5870}.Debug|x86.Build.0 = Debug|x86
		{0001DA31-7089-4E6F-BD54-F02A9E5E5870}.Debug|x86.Deploy.0 = Debug|x86
		{0001DA31-7089-4E6F-BD54-F02A9E5E5870}.Release|Any CPU.ActiveCfg = Release|x86
		{0001DA31-7089-4E6F-BD54-F02A9E5E5870}.Release|ARM.ActiveCfg = Release|ARM
		{0001DA31-7089-4E6F-BD54-F02A9E5E5870}.Release|ARM.Build.0 = Release|ARM
		{0001DA31-7089-4E6F-BD54-F02A9E5E5870}.Release|ARM.Deploy.0 = Release|ARM
		{0001DA31-7089-4E6F-BD54-F02A9E5E5870}.Release|x64.ActiveCfg = Release|x64
		{0001DA31-7089-4E6F-BD54-F02A9E5E5870}.Release|x64.Build.0 = Release|x64
		{0001DA31-7089-4E6F-BD54-F02A9E5E5870}.Release|x64.Deploy.0 = Release|x64
		{0001DA31-7089-4E6F-BD54-F02A9E5E5870}.Release|x86.ActiveCfg = Release|x86
		{0001DA31-7089-4E6F-BD54-F02A9E5E5870}.Release|x86.Build.0 = Release|x86
		{0001DA31-7089-4E6F-BD54-F02A9E5E5870}.Release|x86.Deploy.0 = Release|x86
		{DED5C14C-93FF-4103-8A41-FD033D6FBE93}.Debug|Any CPU.ActiveCfg = Debug|x86
		{DED5C14C-93FF-4103-8A41-FD033D6FBE93}.Debug|ARM.ActiveCfg = Debug|ARM
		{DED5C14C-93FF-4103-8A41-FD033D6FBE93}.Debug|ARM.Build.0 = Debug|ARM
		{DED5C14C-93FF-4103-8A41-FD033D6FBE93}.Debug|ARM.Deploy.0 = Debug|ARM
		{DED5C14C-93FF-4103-8A41-FD033D6FBE93}.Debug|x64.ActiveCfg = Debug|x64
		{DED5C14C-93FF-4103-8A41-FD033D6FBE93}.Debug|x64.Build.0 = Debug|x64
		{DED5C14C-93FF-4103-8A41-FD033D6FBE93}.Debug|x64.Deploy.0 = Debug|x64
		{DED5C14C-93FF-4103-8A41-FD033D6FBE93}.Debug|x86.ActiveCfg = Debug|x86
		{DED5C14C-93FF-4103-8A41-FD033D6FBE93}.Debug|x86.Build.0 = Debug|x86
		{DED5C14C-93FF-4103-8A41-FD033D6FBE93}.Debug|x86.Deploy.0 = Debug|x86
		{DED5C14C-93FF-4103-8A41-FD033D6FBE93}.Release|Any CPU.ActiveCfg = Release|x86
		{DED5C14C-93FF-4103-8A41-FD033D6FBE93}.Release|ARM.ActiveCfg = Release|ARM
		{DED5C14C-93FF-4103-8A41-FD033D6FBE93}.Release|ARM.Build.0 = Release|ARM
		{DED5C14C-93FF-4103-8A41-FD033D6FBE93}.Release|ARM.Deploy.0 = Release|ARM
		{DED5C14C-93FF-4103-8A41-FD033D6FBE93}.Release|x64.ActiveCfg = Release|x64
		{DED5C14C-93FF-4103-8A41-FD033D6FBE93}.Release|x64.Build.0 = Release|x64
		{DED5C14C-93FF-4103-8A41-FD033D6FBE93}.Release|x64.Deploy.0 = Release|x64
		{DED5C14C-93FF-4103-8A41-FD033D6FBE93}.Release|x86.ActiveCfg = Release|x86
		{DED5C14C-93FF-4103-8A41-FD033D6FBE93}.Release|x86.Build.0 = Release|x86
		{DED5C14C-93FF-4103-8A41-FD033D6FBE93}.Release|x86.Deploy.0 = Release|x86
	EndGlobalSection
	GlobalSection(SolutionProperties) = preSolution
		HideSolutionNode = FALSE
	EndGlobalSection
EndGlobal
